// !$*UTF8*$!
{
	archiveVersion = 1;
	classes = {
	};
	objectVersion = 55;
	objects = {

/* Begin PBXBuildFile section */
		04708CC727E3CECE0082CDBD /* AppDelegate.swift in Sources */ = {isa = PBXBuildFile; fileRef = 04708CC627E3CECE0082CDBD /* AppDelegate.swift */; };
		04708CD027E3CECF0082CDBD /* Assets.xcassets in Resources */ = {isa = PBXBuildFile; fileRef = 04708CCF27E3CECF0082CDBD /* Assets.xcassets */; };
		04708CD327E3CECF0082CDBD /* LaunchScreen.storyboard in Resources */ = {isa = PBXBuildFile; fileRef = 04708CD127E3CECF0082CDBD /* LaunchScreen.storyboard */; };
		04708CDC27E3CF050082CDBD /* MainVC.swift in Sources */ = {isa = PBXBuildFile; fileRef = 04708CDA27E3CF050082CDBD /* MainVC.swift */; };
		04708CDD27E3CF050082CDBD /* MainVC.xib in Resources */ = {isa = PBXBuildFile; fileRef = 04708CDB27E3CF050082CDBD /* MainVC.xib */; };
		04708CE027E3D7660082CDBD /* Cell.swift in Sources */ = {isa = PBXBuildFile; fileRef = 04708CDE27E3D7660082CDBD /* Cell.swift */; };
		04708CE127E3D7660082CDBD /* Cell.xib in Resources */ = {isa = PBXBuildFile; fileRef = 04708CDF27E3D7660082CDBD /* Cell.xib */; };
		04708CE327E3DAFF0082CDBD /* WeatherInfo.swift in Sources */ = {isa = PBXBuildFile; fileRef = 04708CE227E3DAFF0082CDBD /* WeatherInfo.swift */; };
		E31B18896D2D282EC09C9519 /* Pods_hw_cityWeather.framework in Frameworks */ = {isa = PBXBuildFile; fileRef = 607F19902BCE2E0941D8E506 /* Pods_hw_cityWeather.framework */; };
/* End PBXBuildFile section */

/* Begin PBXFileReference section */
		04708CC327E3CECE0082CDBD /* hw cityWeather.app */ = {isa = PBXFileReference; explicitFileType = wrapper.application; includeInIndex = 0; path = "hw cityWeather.app"; sourceTree = BUILT_PRODUCTS_DIR; };
		04708CC627E3CECE0082CDBD /* AppDelegate.swift */ = {isa = PBXFileReference; lastKnownFileType = sourcecode.swift; path = AppDelegate.swift; sourceTree = "<group>"; };
		04708CCF27E3CECF0082CDBD /* Assets.xcassets */ = {isa = PBXFileReference; lastKnownFileType = folder.assetcatalog; path = Assets.xcassets; sourceTree = "<group>"; };
		04708CD227E3CECF0082CDBD /* Base */ = {isa = PBXFileReference; lastKnownFileType = file.storyboard; name = Base; path = Base.lproj/LaunchScreen.storyboard; sourceTree = "<group>"; };
		04708CD427E3CECF0082CDBD /* Info.plist */ = {isa = PBXFileReference; lastKnownFileType = text.plist.xml; path = Info.plist; sourceTree = "<group>"; };
		04708CDA27E3CF050082CDBD /* MainVC.swift */ = {isa = PBXFileReference; lastKnownFileType = sourcecode.swift; path = MainVC.swift; sourceTree = "<group>"; };
		04708CDB27E3CF050082CDBD /* MainVC.xib */ = {isa = PBXFileReference; lastKnownFileType = file.xib; path = MainVC.xib; sourceTree = "<group>"; };
		04708CDE27E3D7660082CDBD /* Cell.swift */ = {isa = PBXFileReference; lastKnownFileType = sourcecode.swift; path = Cell.swift; sourceTree = "<group>"; };
		04708CDF27E3D7660082CDBD /* Cell.xib */ = {isa = PBXFileReference; lastKnownFileType = file.xib; path = Cell.xib; sourceTree = "<group>"; };
		04708CE227E3DAFF0082CDBD /* WeatherInfo.swift */ = {isa = PBXFileReference; lastKnownFileType = sourcecode.swift; path = WeatherInfo.swift; sourceTree = "<group>"; };
		3CF5B6C565091657118D8821 /* Pods-hw cityWeather.debug.xcconfig */ = {isa = PBXFileReference; includeInIndex = 1; lastKnownFileType = text.xcconfig; name = "Pods-hw cityWeather.debug.xcconfig"; path = "Target Support Files/Pods-hw cityWeather/Pods-hw cityWeather.debug.xcconfig"; sourceTree = "<group>"; };
		607F19902BCE2E0941D8E506 /* Pods_hw_cityWeather.framework */ = {isa = PBXFileReference; explicitFileType = wrapper.framework; includeInIndex = 0; path = Pods_hw_cityWeather.framework; sourceTree = BUILT_PRODUCTS_DIR; };
		DC1B6DEC5C7BF5D2A954C1AE /* Pods-hw cityWeather.release.xcconfig */ = {isa = PBXFileReference; includeInIndex = 1; lastKnownFileType = text.xcconfig; name = "Pods-hw cityWeather.release.xcconfig"; path = "Target Support Files/Pods-hw cityWeather/Pods-hw cityWeather.release.xcconfig"; sourceTree = "<group>"; };
/* End PBXFileReference section */

/* Begin PBXFrameworksBuildPhase section */
		04708CC027E3CECE0082CDBD /* Frameworks */ = {
			isa = PBXFrameworksBuildPhase;
			buildActionMask = 2147483647;
			files = (
				E31B18896D2D282EC09C9519 /* Pods_hw_cityWeather.framework in Frameworks */,
			);
			runOnlyForDeploymentPostprocessing = 0;
		};
/* End PBXFrameworksBuildPhase section */

/* Begin PBXGroup section */
		04708CBA27E3CECE0082CDBD = {
			isa = PBXGroup;
			children = (
				04708CC527E3CECE0082CDBD /* hw cityWeather */,
				04708CC427E3CECE0082CDBD /* Products */,
				8229657D056EF4E347775205 /* Pods */,
				B8174BFDC22C655719360796 /* Frameworks */,
			);
			sourceTree = "<group>";
		};
		04708CC427E3CECE0082CDBD /* Products */ = {
			isa = PBXGroup;
			children = (
				04708CC327E3CECE0082CDBD /* hw cityWeather.app */,
			);
			name = Products;
			sourceTree = "<group>";
		};
		04708CC527E3CECE0082CDBD /* hw cityWeather */ = {
			isa = PBXGroup;
			children = (
				04708CC627E3CECE0082CDBD /* AppDelegate.swift */,
				04708CCF27E3CECF0082CDBD /* Assets.xcassets */,
				04708CD127E3CECF0082CDBD /* LaunchScreen.storyboard */,
				04708CD427E3CECF0082CDBD /* Info.plist */,
				04708CDA27E3CF050082CDBD /* MainVC.swift */,
				04708CDB27E3CF050082CDBD /* MainVC.xib */,
				04708CDE27E3D7660082CDBD /* Cell.swift */,
				04708CDF27E3D7660082CDBD /* Cell.xib */,
				04708CE227E3DAFF0082CDBD /* WeatherInfo.swift */,
			);
			path = "hw cityWeather";
			sourceTree = "<group>";
		};
		8229657D056EF4E347775205 /* Pods */ = {
			isa = PBXGroup;
			children = (
				3CF5B6C565091657118D8821 /* Pods-hw cityWeather.debug.xcconfig */,
				DC1B6DEC5C7BF5D2A954C1AE /* Pods-hw cityWeather.release.xcconfig */,
			);
			name = Pods;
			path = Pods;
			sourceTree = "<group>";
		};
		B8174BFDC22C655719360796 /* Frameworks */ = {
			isa = PBXGroup;
			children = (
				607F19902BCE2E0941D8E506 /* Pods_hw_cityWeather.framework */,
			);
			name = Frameworks;
			sourceTree = "<group>";
		};
/* End PBXGroup section */

/* Begin PBXNativeTarget section */
		04708CC227E3CECE0082CDBD /* hw cityWeather */ = {
			isa = PBXNativeTarget;
			buildConfigurationList = 04708CD727E3CECF0082CDBD /* Build configuration list for PBXNativeTarget "hw cityWeather" */;
			buildPhases = (
				433CF5D30656F67E2F60550D /* [CP] Check Pods Manifest.lock */,
				04708CBF27E3CECE0082CDBD /* Sources */,
				04708CC027E3CECE0082CDBD /* Frameworks */,
				04708CC127E3CECE0082CDBD /* Resources */,
				DEC256773A1147E02FAA48D4 /* [CP] Embed Pods Frameworks */,
			);
			buildRules = (
			);
			dependencies = (
			);
			name = "hw cityWeather";
			productName = "hw cityWeather";
			productReference = 04708CC327E3CECE0082CDBD /* hw cityWeather.app */;
			productType = "com.apple.product-type.application";
		};
/* End PBXNativeTarget section */

/* Begin PBXProject section */
		04708CBB27E3CECE0082CDBD /* Project object */ = {
			isa = PBXProject;
			attributes = {
				BuildIndependentTargetsInParallel = 1;
				LastSwiftUpdateCheck = 1300;
				LastUpgradeCheck = 1300;
				TargetAttributes = {
					04708CC227E3CECE0082CDBD = {
						CreatedOnToolsVersion = 13.0;
					};
				};
			};
			buildConfigurationList = 04708CBE27E3CECE0082CDBD /* Build configuration list for PBXProject "hw cityWeather" */;
			compatibilityVersion = "Xcode 13.0";
			developmentRegion = en;
			hasScannedForEncodings = 0;
			knownRegions = (
				en,
				Base,
			);
			mainGroup = 04708CBA27E3CECE0082CDBD;
			productRefGroup = 04708CC427E3CECE0082CDBD /* Products */;
			projectDirPath = "";
			projectRoot = "";
			targets = (
				04708CC227E3CECE0082CDBD /* hw cityWeather */,
			);
		};
/* End PBXProject section */

/* Begin PBXResourcesBuildPhase section */
		04708CC127E3CECE0082CDBD /* Resources */ = {
			isa = PBXResourcesBuildPhase;
			buildActionMask = 2147483647;
			files = (
				04708CDD27E3CF050082CDBD /* MainVC.xib in Resources */,
				04708CE127E3D7660082CDBD /* Cell.xib in Resources */,
				04708CD327E3CECF0082CDBD /* LaunchScreen.storyboard in Resources */,
				04708CD027E3CECF0082CDBD /* Assets.xcassets in Resources */,
			);
			runOnlyForDeploymentPostprocessing = 0;
		};
/* End PBXResourcesBuildPhase section */

/* Begin PBXShellScriptBuildPhase section */
		433CF5D30656F67E2F60550D /* [CP] Check Pods Manifest.lock */ = {
			isa = PBXShellScriptBuildPhase;
			buildActionMask = 2147483647;
			files = (
			);
			inputFileListPaths = (
			);
			inputPaths = (
				"${PODS_PODFILE_DIR_PATH}/Podfile.lock",
				"${PODS_ROOT}/Manifest.lock",
			);
			name = "[CP] Check Pods Manifest.lock";
			outputFileListPaths = (
			);
			outputPaths = (
				"$(DERIVED_FILE_DIR)/Pods-hw cityWeather-checkManifestLockResult.txt",
			);
			runOnlyForDeploymentPostprocessing = 0;
			shellPath = /bin/sh;
			shellScript = "diff \"${PODS_PODFILE_DIR_PATH}/Podfile.lock\" \"${PODS_ROOT}/Manifest.lock\" > /dev/null\nif [ $? != 0 ] ; then\n    # print error to STDERR\n    echo \"error: The sandbox is not in sync with the Podfile.lock. Run 'pod install' or update your CocoaPods installation.\" >&2\n    exit 1\nfi\n# This output is used by Xcode 'outputs' to avoid re-running this script phase.\necho \"SUCCESS\" > \"${SCRIPT_OUTPUT_FILE_0}\"\n";
			showEnvVarsInLog = 0;
		};
		DEC256773A1147E02FAA48D4 /* [CP] Embed Pods Frameworks */ = {
			isa = PBXShellScriptBuildPhase;
			buildActionMask = 2147483647;
			files = (
			);
			inputFileListPaths = (
				"${PODS_ROOT}/Target Support Files/Pods-hw cityWeather/Pods-hw cityWeather-frameworks-${CONFIGURATION}-input-files.xcfilelist",
			);
			name = "[CP] Embed Pods Frameworks";
			outputFileListPaths = (
				"${PODS_ROOT}/Target Support Files/Pods-hw cityWeather/Pods-hw cityWeather-frameworks-${CONFIGURATION}-output-files.xcfilelist",
			);
			runOnlyForDeploymentPostprocessing = 0;
			shellPath = /bin/sh;
			shellScript = "\"${PODS_ROOT}/Target Support Files/Pods-hw cityWeather/Pods-hw cityWeather-frameworks.sh\"\n";
			showEnvVarsInLog = 0;
		};
/* End PBXShellScriptBuildPhase section */

/* Begin PBXSourcesBuildPhase section */
		04708CBF27E3CECE0082CDBD /* Sources */ = {
			isa = PBXSourcesBuildPhase;
			buildActionMask = 2147483647;
			files = (
				04708CE327E3DAFF0082CDBD /* WeatherInfo.swift in Sources */,
				04708CC727E3CECE0082CDBD /* AppDelegate.swift in Sources */,
				04708CDC27E3CF050082CDBD /* MainVC.swift in Sources */,
				04708CE027E3D7660082CDBD /* Cell.swift in Sources */,
			);
			runOnlyForDeploymentPostprocessing = 0;
		};
/* End PBXSourcesBuildPhase section */

/* Begin PBXVariantGroup section */
		04708CD127E3CECF0082CDBD /* LaunchScreen.storyboard */ = {
			isa = PBXVariantGroup;
			children = (
				04708CD227E3CECF0082CDBD /* Base */,
			);
			name = LaunchScreen.storyboard;
			sourceTree = "<group>";
		};
/* End PBXVariantGroup section */

/* Begin XCBuildConfiguration section */
		04708CD527E3CECF0082CDBD /* Debug */ = {
			isa = XCBuildConfiguration;
			buildSettings = {
				ALWAYS_SEARCH_USER_PATHS = NO;
				CLANG_ANALYZER_NONNULL = YES;
				CLANG_ANALYZER_NUMBER_OBJECT_CONVERSION = YES_AGGRESSIVE;
				CLANG_CXX_LANGUAGE_STANDARD = "gnu++17";
				CLANG_CXX_LIBRARY = "libc++";
				CLANG_ENABLE_MODULES = YES;
				CLANG_ENABLE_OBJC_ARC = YES;
				CLANG_ENABLE_OBJC_WEAK = YES;
				CLANG_WARN_BLOCK_CAPTURE_AUTORELEASING = YES;
				CLANG_WARN_BOOL_CONVERSION = YES;
				CLANG_WARN_COMMA = YES;
				CLANG_WARN_CONSTANT_CONVERSION = YES;
				CLANG_WARN_DEPRECATED_OBJC_IMPLEMENTATIONS = YES;
				CLANG_WARN_DIRECT_OBJC_ISA_USAGE = YES_ERROR;
				CLANG_WARN_DOCUMENTATION_COMMENTS = YES;
				CLANG_WARN_EMPTY_BODY = YES;
				CLANG_WARN_ENUM_CONVERSION = YES;
				CLANG_WARN_INFINITE_RECURSION = YES;
				CLANG_WARN_INT_CONVERSION = YES;
				CLANG_WARN_NON_LITERAL_NULL_CONVERSION = YES;
				CLANG_WARN_OBJC_IMPLICIT_RETAIN_SELF = YES;
				CLANG_WARN_OBJC_LITERAL_CONVERSION = YES;
				CLANG_WARN_OBJC_ROOT_CLASS = YES_ERROR;
				CLANG_WARN_QUOTED_INCLUDE_IN_FRAMEWORK_HEADER = YES;
				CLANG_WARN_RANGE_LOOP_ANALYSIS = YES;
				CLANG_WARN_STRICT_PROTOTYPES = YES;
				CLANG_WARN_SUSPICIOUS_MOVE = YES;
				CLANG_WARN_UNGUARDED_AVAILABILITY = YES_AGGRESSIVE;
				CLANG_WARN_UNREACHABLE_CODE = YES;
				CLANG_WARN__DUPLICATE_METHOD_MATCH = YES;
				COPY_PHASE_STRIP = NO;
				DEBUG_INFORMATION_FORMAT = dwarf;
				ENABLE_STRICT_OBJC_MSGSEND = YES;
				ENABLE_TESTABILITY = YES;
				GCC_C_LANGUAGE_STANDARD = gnu11;
				GCC_DYNAMIC_NO_PIC = NO;
				GCC_NO_COMMON_BLOCKS = YES;
				GCC_OPTIMIZATION_LEVEL = 0;
				GCC_PREPROCESSOR_DEFINITIONS = (
					"DEBUG=1",
					"$(inherited)",
				);
				GCC_WARN_64_TO_32_BIT_CONVERSION = YES;
				GCC_WARN_ABOUT_RETURN_TYPE = YES_ERROR;
				GCC_WARN_UNDECLARED_SELECTOR = YES;
				GCC_WARN_UNINITIALIZED_AUTOS = YES_AGGRESSIVE;
				GCC_WARN_UNUSED_FUNCTION = YES;
				GCC_WARN_UNUSED_VARIABLE = YES;
				IPHONEOS_DEPLOYMENT_TARGET = 15.0;
				MTL_ENABLE_DEBUG_INFO = INCLUDE_SOURCE;
				MTL_FAST_MATH = YES;
				ONLY_ACTIVE_ARCH = YES;
				SDKROOT = iphoneos;
				SWIFT_ACTIVE_COMPILATION_CONDITIONS = DEBUG;
				SWIFT_OPTIMIZATION_LEVEL = "-Onone";
			};
			name = Debug;
		};
		04708CD627E3CECF0082CDBD /* Release */ = {
			isa = XCBuildConfiguration;
			buildSettings = {
				ALWAYS_SEARCH_USER_PATHS = NO;
				CLANG_ANALYZER_NONNULL = YES;
				CLANG_ANALYZER_NUMBER_OBJECT_CONVERSION = YES_AGGRESSIVE;
				CLANG_CXX_LANGUAGE_STANDARD = "gnu++17";
				CLANG_CXX_LIBRARY = "libc++";
				CLANG_ENABLE_MODULES = YES;
				CLANG_ENABLE_OBJC_ARC = YES;
				CLANG_ENABLE_OBJC_WEAK = YES;
				CLANG_WARN_BLOCK_CAPTURE_AUTORELEASING = YES;
				CLANG_WARN_BOOL_CONVERSION = YES;
				CLANG_WARN_COMMA = YES;
				CLANG_WARN_CONSTANT_CONVERSION = YES;
				CLANG_WARN_DEPRECATED_OBJC_IMPLEMENTATIONS = YES;
				CLANG_WARN_DIRECT_OBJC_ISA_USAGE = YES_ERROR;
				CLANG_WARN_DOCUMENTATION_COMMENTS = YES;
				CLANG_WARN_EMPTY_BODY = YES;
				CLANG_WARN_ENUM_CONVERSION = YES;
				CLANG_WARN_INFINITE_RECURSION = YES;
				CLANG_WARN_INT_CONVERSION = YES;
				CLANG_WARN_NON_LITERAL_NULL_CONVERSION = YES;
				CLANG_WARN_OBJC_IMPLICIT_RETAIN_SELF = YES;
				CLANG_WARN_OBJC_LITERAL_CONVERSION = YES;
				CLANG_WARN_OBJC_ROOT_CLASS = YES_ERROR;
				CLANG_WARN_QUOTED_INCLUDE_IN_FRAMEWORK_HEADER = YES;
				CLANG_WARN_RANGE_LOOP_ANALYSIS = YES;
				CLANG_WARN_STRICT_PROTOTYPES = YES;
				CLANG_WARN_SUSPICIOUS_MOVE = YES;
				CLANG_WARN_UNGUARDED_AVAILABILITY = YES_AGGRESSIVE;
				CLANG_WARN_UNREACHABLE_CODE = YES;
				CLANG_WARN__DUPLICATE_METHOD_MATCH = YES;
				COPY_PHASE_STRIP = NO;
				DEBUG_INFORMATION_FORMAT = "dwarf-with-dsym";
				ENABLE_NS_ASSERTIONS = NO;
				ENABLE_STRICT_OBJC_MSGSEND = YES;
				GCC_C_LANGUAGE_STANDARD = gnu11;
				GCC_NO_COMMON_BLOCKS = YES;
				GCC_WARN_64_TO_32_BIT_CONVERSION = YES;
				GCC_WARN_ABOUT_RETURN_TYPE = YES_ERROR;
				GCC_WARN_UNDECLARED_SELECTOR = YES;
				GCC_WARN_UNINITIALIZED_AUTOS = YES_AGGRESSIVE;
				GCC_WARN_UNUSED_FUNCTION = YES;
				GCC_WARN_UNUSED_VARIABLE = YES;
				IPHONEOS_DEPLOYMENT_TARGET = 15.0;
				MTL_ENABLE_DEBUG_INFO = NO;
				MTL_FAST_MATH = YES;
				SDKROOT = iphoneos;
				SWIFT_COMPILATION_MODE = wholemodule;
				SWIFT_OPTIMIZATION_LEVEL = "-O";
				VALIDATE_PRODUCT = YES;
			};
			name = Release;
		};
		04708CD827E3CECF0082CDBD /* Debug */ = {
			isa = XCBuildConfiguration;
			baseConfigurationReference = 3CF5B6C565091657118D8821 /* Pods-hw cityWeather.debug.xcconfig */;
			buildSettings = {
				ASSETCATALOG_COMPILER_APPICON_NAME = AppIcon;
				ASSETCATALOG_COMPILER_GLOBAL_ACCENT_COLOR_NAME = AccentColor;
				CODE_SIGN_STYLE = Automatic;
				CURRENT_PROJECT_VERSION = 1;
				DEVELOPMENT_TEAM = 45JD332Z6D;
				GENERATE_INFOPLIST_FILE = YES;
				INFOPLIST_FILE = "hw cityWeather/Info.plist";
				INFOPLIST_KEY_UIApplicationSupportsIndirectInputEvents = YES;
				INFOPLIST_KEY_UILaunchStoryboardName = LaunchScreen;
				INFOPLIST_KEY_UISupportedInterfaceOrientations = UIInterfaceOrientationPortrait;
				INFOPLIST_KEY_UISupportedInterfaceOrientations_iPad = "UIInterfaceOrientationPortrait UIInterfaceOrientationPortraitUpsideDown UIInterfaceOrientationLandscapeLeft UIInterfaceOrientationLandscapeRight";
				INFOPLIST_KEY_UISupportedInterfaceOrientations_iPhone = "UIInterfaceOrientationPortrait UIInterfaceOrientationLandscapeLeft UIInterfaceOrientationLandscapeRight";
				LD_RUNPATH_SEARCH_PATHS = (
					"$(inherited)",
					"@executable_path/Frameworks",
				);
				MARKETING_VERSION = 1.0;
				PRODUCT_BUNDLE_IDENTIFIER = "com.mavlono.hw-cityWeather";
				PRODUCT_NAME = "$(TARGET_NAME)";
				SWIFT_EMIT_LOC_STRINGS = YES;
				SWIFT_VERSION = 5.0;
				TARGETED_DEVICE_FAMILY = 1;
			};
			name = Debug;
		};
		04708CD927E3CECF0082CDBD /* Release */ = {
			isa = XCBuildConfiguration;
			baseConfigurationReference = DC1B6DEC5C7BF5D2A954C1AE /* Pods-hw cityWeather.release.xcconfig */;
			buildSettings = {
				ASSETCATALOG_COMPILER_APPICON_NAME = AppIcon;
				ASSETCATALOG_COMPILER_GLOBAL_ACCENT_COLOR_NAME = AccentColor;
				CODE_SIGN_STYLE = Automatic;
				CURRENT_PROJECT_VERSION = 1;
				DEVELOPMENT_TEAM = 45JD332Z6D;
				GENERATE_INFOPLIST_FILE = YES;
				INFOPLIST_FILE = "hw cityWeather/Info.plist";
				INFOPLIST_KEY_UIApplicationSupportsIndirectInputEvents = YES;
				INFOPLIST_KEY_UILaunchStoryboardName = LaunchScreen;
				INFOPLIST_KEY_UISupportedInterfaceOrientations = UIInterfaceOrientationPortrait;
				INFOPLIST_KEY_UISupportedInterfaceOrientations_iPad = "UIInterfaceOrientationPortrait UIInterfaceOrientationPortraitUpsideDown UIInterfaceOrientationLandscapeLeft UIInterfaceOrientationLandscapeRight";
				INFOPLIST_KEY_UISupportedInterfaceOrientations_iPhone = "UIInterfaceOrientationPortrait UIInterfaceOrientationLandscapeLeft UIInterfaceOrientationLandscapeRight";
				LD_RUNPATH_SEARCH_PATHS = (
					"$(inherited)",
					"@executable_path/Frameworks",
				);
				MARKETING_VERSION = 1.0;
				PRODUCT_BUNDLE_IDENTIFIER = "com.mavlono.hw-cityWeather";
				PRODUCT_NAME = "$(TARGET_NAME)";
				SWIFT_EMIT_LOC_STRINGS = YES;
				SWIFT_VERSION = 5.0;
				TARGETED_DEVICE_FAMILY = 1;
			};
			name = Release;
		};
/* End XCBuildConfiguration section */

/* Begin XCConfigurationList section */
		04708CBE27E3CECE0082CDBD /* Build configuration list for PBXProject "hw cityWeather" */ = {
			isa = XCConfigurationList;
			buildConfigurations = (
				04708CD527E3CECF0082CDBD /* Debug */,
				04708CD627E3CECF0082CDBD /* Release */,
			);
			defaultConfigurationIsVisible = 0;
			defaultConfigurationName = Release;
		};
		04708CD727E3CECF0082CDBD /* Build configuration list for PBXNativeTarget "hw cityWeather" */ = {
			isa = XCConfigurationList;
			buildConfigurations = (
				04708CD827E3CECF0082CDBD /* Debug */,
				04708CD927E3CECF0082CDBD /* Release */,
			);
			defaultConfigurationIsVisible = 0;
			defaultConfigurationName = Release;
		};
/* End XCConfigurationList section */
	};
	rootObject = 04708CBB27E3CECE0082CDBD /* Project object */;
}
